// !$*UTF8*$!
{
	archiveVersion = 1;
	classes = {
	};
	objectVersion = 46;
	objects = {

/* Begin PBXBuildFile section */
		4DBD5E701ED632610085CBF3 /* main.swift in Sources */ = {isa = PBXBuildFile; fileRef = 4DBD5E6F1ED632610085CBF3 /* main.swift */; };
		4DBD5E771ED632850085CBF3 /* StreamDeck.swift in Sources */ = {isa = PBXBuildFile; fileRef = 4DBD5E761ED632850085CBF3 /* StreamDeck.swift */; };
		4DBD5E791ED6329B0085CBF3 /* extensions.swift in Sources */ = {isa = PBXBuildFile; fileRef = 4DBD5E781ED6329B0085CBF3 /* extensions.swift */; };
/* End PBXBuildFile section */

/* Begin PBXCopyFilesBuildPhase section */
		4DBD5E6A1ED632600085CBF3 /* CopyFiles */ = {
			isa = PBXCopyFilesBuildPhase;
			buildActionMask = 2147483647;
			dstPath = /usr/share/man/man1/;
			dstSubfolderSpec = 0;
			files = (
			);
			runOnlyForDeploymentPostprocessing = 1;
		};
/* End PBXCopyFilesBuildPhase section */

/* Begin PBXFileReference section */
		4DBD5E6C1ED632600085CBF3 /* StreamDeckAPISwift */ = {isa = PBXFileReference; explicitFileType = "compiled.mach-o.executable"; includeInIndex = 0; path = StreamDeckAPISwift; sourceTree = BUILT_PRODUCTS_DIR; };
		4DBD5E6F1ED632610085CBF3 /* main.swift */ = {isa = PBXFileReference; lastKnownFileType = sourcecode.swift; path = main.swift; sourceTree = "<group>"; };
		4DBD5E761ED632850085CBF3 /* StreamDeck.swift */ = {isa = PBXFileReference; fileEncoding = 4; lastKnownFileType = sourcecode.swift; path = StreamDeck.swift; sourceTree = "<group>"; };
		4DBD5E781ED6329B0085CBF3 /* extensions.swift */ = {isa = PBXFileReference; fileEncoding = 4; lastKnownFileType = sourcecode.swift; path = extensions.swift; sourceTree = "<group>"; };
/* End PBXFileReference section */

/* Begin PBXFrameworksBuildPhase section */
		4DBD5E691ED632600085CBF3 /* Frameworks */ = {
			isa = PBXFrameworksBuildPhase;
			buildActionMask = 2147483647;
			files = (
			);
			runOnlyForDeploymentPostprocessing = 0;
		};
/* End PBXFrameworksBuildPhase section */

/* Begin PBXGroup section */
		4DBD5E631ED632600085CBF3 = {
			isa = PBXGroup;
			children = (
				4DBD5E6E1ED632610085CBF3 /* StreamDeckAPISwift */,
				4DBD5E6D1ED632600085CBF3 /* Products */,
			);
			sourceTree = "<group>";
		};
		4DBD5E6D1ED632600085CBF3 /* Products */ = {
			isa = PBXGroup;
			children = (
				4DBD5E6C1ED632600085CBF3 /* StreamDeckAPISwift */,
			);
			name = Products;
			sourceTree = "<group>";
		};
		4DBD5E6E1ED632610085CBF3 /* StreamDeckAPISwift */ = {
			isa = PBXGroup;
			children = (
				4DBD5E6F1ED632610085CBF3 /* main.swift */,
				4DBD5E781ED6329B0085CBF3 /* extensions.swift */,
				4DBD5E761ED632850085CBF3 /* StreamDeck.swift */,
			);
			path = StreamDeckAPISwift;
			sourceTree = "<group>";
		};
/* End PBXGroup section */

/* Begin PBXNativeTarget section */
		4DBD5E6B1ED632600085CBF3 /* StreamDeckAPISwift */ = {
			isa = PBXNativeTarget;
			buildConfigurationList = 4DBD5E731ED632610085CBF3 /* Build configuration list for PBXNativeTarget "StreamDeckAPISwift" */;
			buildPhases = (
				4DBD5E681ED632600085CBF3 /* Sources */,
				4DBD5E691ED632600085CBF3 /* Frameworks */,
				4DBD5E6A1ED632600085CBF3 /* CopyFiles */,
			);
			buildRules = (
			);
			dependencies = (
			);
			name = StreamDeckAPISwift;
			productName = StreamDeckAPISwift;
			productReference = 4DBD5E6C1ED632600085CBF3 /* StreamDeckAPISwift */;
			productType = "com.apple.product-type.tool";
		};
/* End PBXNativeTarget section */

/* Begin PBXProject section */
		4DBD5E641ED632600085CBF3 /* Project object */ = {
			isa = PBXProject;
			attributes = {
				LastSwiftUpdateCheck = 0830;
				LastUpgradeCheck = 0830;
				ORGANIZATIONNAME = "Mark Olsson";
				TargetAttributes = {
					4DBD5E6B1ED632600085CBF3 = {
						CreatedOnToolsVersion = 8.3.2;
						DevelopmentTeam = CVXXC339E6;
						ProvisioningStyle = Automatic;
					};
				};
			};
			buildConfigurationList = 4DBD5E671ED632600085CBF3 /* Build configuration list for PBXProject "StreamDeckAPISwift" */;
			compatibilityVersion = "Xcode 3.2";
			developmentRegion = English;
			hasScannedForEncodings = 0;
			knownRegions = (
				en,
			);
			mainGroup = 4DBD5E631ED632600085CBF3;
			productRefGroup = 4DBD5E6D1ED632600085CBF3 /* Products */;
			projectDirPath = "";
			projectRoot = "";
			targets = (
				4DBD5E6B1ED632600085CBF3 /* StreamDeckAPISwift */,
			);
		};
/* End PBXProject section */

/* Begin PBXSourcesBuildPhase section */
		4DBD5E681ED632600085CBF3 /* Sources */ = {
			isa = PBXSourcesBuildPhase;
			buildActionMask = 2147483647;
			files = (
				4DBD5E771ED632850085CBF3 /* StreamDeck.swift in Sources */,
				4DBD5E791ED6329B0085CBF3 /* extensions.swift in Sources */,
				4DBD5E701ED632610085CBF3 /* main.swift in Sources */,
			);
			runOnlyForDeploymentPostprocessing = 0;
		};
/* End PBXSourcesBuildPhase section */

/* Begin XCBuildConfiguration section */
		4DBD5E711ED632610085CBF3 /* Debug */ = {
			isa = XCBuildConfiguration;
			buildSettings = {
				ALWAYS_SEARCH_USER_PATHS = NO;
				CLANG_ANALYZER_NONNULL = YES;
				CLANG_ANALYZER_NUMBER_OBJECT_CONVERSION = YES_AGGRESSIVE;
				CLANG_CXX_LANGUAGE_STANDARD = "gnu++0x";
				CLANG_CXX_LIBRARY = "libc++";
				CLANG_ENABLE_MODULES = YES;
				CLANG_ENABLE_OBJC_ARC = YES;
				CLANG_WARN_BOOL_CONVERSION = YES;
				CLANG_WARN_CONSTANT_CONVERSION = YES;
				CLANG_WARN_DIRECT_OBJC_ISA_USAGE = YES_ERROR;
				CLANG_WARN_DOCUMENTATION_COMMENTS = YES;
				CLANG_WARN_EMPTY_BODY = YES;
				CLANG_WARN_ENUM_CONVERSION = YES;
				CLANG_WARN_INFINITE_RECURSION = YES;
				CLANG_WARN_INT_CONVERSION = YES;
				CLANG_WARN_OBJC_ROOT_CLASS = YES_ERROR;
				CLANG_WARN_SUSPICIOUS_MOVE = YES;
				CLANG_WARN_UNREACHABLE_CODE = YES;
				CLANG_WARN__DUPLICATE_METHOD_MATCH = YES;
				CODE_SIGN_IDENTITY = "-";
				COPY_PHASE_STRIP = NO;
				DEBUG_INFORMATION_FORMAT = dwarf;
				ENABLE_STRICT_OBJC_MSGSEND = YES;
				ENABLE_TESTABILITY = YES;
				GCC_C_LANGUAGE_STANDARD = gnu99;
				GCC_DYNAMIC_NO_PIC = NO;
				GCC_NO_COMMON_BLOCKS = YES;
				GCC_OPTIMIZATION_LEVEL = 0;
				GCC_PREPROCESSOR_DEFINITIONS = (
					"DEBUG=1",
					"$(inherited)",
				);
				GCC_WARN_64_TO_32_BIT_CONVERSION = YES;
				GCC_WARN_ABOUT_RETURN_TYPE = YES_ERROR;
				GCC_WARN_UNDECLARED_SELECTOR = YES;
				GCC_WARN_UNINITIALIZED_AUTOS = YES_AGGRESSIVE;
				GCC_WARN_UNUSED_FUNCTION = YES;
				GCC_WARN_UNUSED_VARIABLE = YES;
				MACOSX_DEPLOYMENT_TARGET = 10.10;
				MTL_ENABLE_DEBUG_INFO = YES;
				ONLY_ACTIVE_ARCH = YES;
				SDKROOT = macosx;
				SWIFT_OPTIMIZATION_LEVEL = "-Onone";
			};
			name = Debug;
		};
		4DBD5E721ED632610085CBF3 /* Release */ = {
			isa = XCBuildConfiguration;
			buildSettings = {
				ALWAYS_SEARCH_USER_PATHS = NO;
				CLANG_ANALYZER_NONNULL = YES;
				CLANG_ANALYZER_NUMBER_OBJECT_CONVERSION = YES_AGGRESSIVE;
				CLANG_CXX_LANGUAGE_STANDARD = "gnu++0x";
				CLANG_CXX_LIBRARY = "libc++";
				CLANG_ENABLE_MODULES = YES;
				CLANG_ENABLE_OBJC_ARC = YES;
				CLANG_WARN_BOOL_CONVERSION = YES;
				CLANG_WARN_CONSTANT_CONVERSION = YES;
				CLANG_WARN_DIRECT_OBJC_ISA_USAGE = YES_ERROR;
				CLANG_WARN_DOCUMENTATION_COMMENTS = YES;
				CLANG_WARN_EMPTY_BODY = YES;
				CLANG_WARN_ENUM_CONVERSION = YES;
				CLANG_WARN_INFINITE_RECURSION = YES;
				CLANG_WARN_INT_CONVERSION = YES;
				CLANG_WARN_OBJC_ROOT_CLASS = YES_ERROR;
				CLANG_WARN_SUSPICIOUS_MOVE = YES;
				CLANG_WARN_UNREACHABLE_CODE = YES;
				CLANG_WARN__DUPLICATE_METHOD_MATCH = YES;
				CODE_SIGN_IDENTITY = "-";
				COPY_PHASE_STRIP = NO;
				DEBUG_INFORMATION_FORMAT = "dwarf-with-dsym";
				ENABLE_NS_ASSERTIONS = NO;
				ENABLE_STRICT_OBJC_MSGSEND = YES;
				GCC_C_LANGUAGE_STANDARD = gnu99;
				GCC_NO_COMMON_BLOCKS = YES;
				GCC_WARN_64_TO_32_BIT_CONVERSION = YES;
				GCC_WARN_ABOUT_RETURN_TYPE = YES_ERROR;
				GCC_WARN_UNDECLARED_SELECTOR = YES;
				GCC_WARN_UNINITIALIZED_AUTOS = YES_AGGRESSIVE;
				GCC_WARN_UNUSED_FUNCTION = YES;
				GCC_WARN_UNUSED_VARIABLE = YES;
				MACOSX_DEPLOYMENT_TARGET = 10.10;
				MTL_ENABLE_DEBUG_INFO = NO;
				SDKROOT = macosx;
			};
			name = Release;
		};
		4DBD5E741ED632610085CBF3 /* Debug */ = {
			isa = XCBuildConfiguration;
			buildSettings = {
				DEVELOPMENT_TEAM = CVXXC339E6;
				PRODUCT_NAME = "$(TARGET_NAME)";
				SWIFT_VERSION = 3.0;
			};
			name = Debug;
		};
		4DBD5E751ED632610085CBF3 /* Release */ = {
			isa = XCBuildConfiguration;
			buildSettings = {
				DEVELOPMENT_TEAM = CVXXC339E6;
				PRODUCT_NAME = "$(TARGET_NAME)";
				SWIFT_VERSION = 3.0;
			};
			name = Release;
		};
/* End XCBuildConfiguration section */

/* Begin XCConfigurationList section */
		4DBD5E671ED632600085CBF3 /* Build configuration list for PBXProject "StreamDeckAPISwift" */ = {
			isa = XCConfigurationList;
			buildConfigurations = (
				4DBD5E711ED632610085CBF3 /* Debug */,
				4DBD5E721ED632610085CBF3 /* Release */,
			);
			defaultConfigurationIsVisible = 0;
			defaultConfigurationName = Release;
		};
		4DBD5E731ED632610085CBF3 /* Build configuration list for PBXNativeTarget "StreamDeckAPISwift" */ = {
			isa = XCConfigurationList;
			buildConfigurations = (
				4DBD5E741ED632610085CBF3 /* Debug */,
				4DBD5E751ED632610085CBF3 /* Release */,
			);
			defaultConfigurationIsVisible = 0;
			defaultConfigurationName = Release;
		};
/* End XCConfigurationList section */
	};
	rootObject = 4DBD5E641ED632600085CBF3 /* Project object */;
}
